<?xml version="1.0" encoding="utf-8"?>
<Project ToolsVersion="4.0" xmlns="http://schemas.microsoft.com/developer/msbuild/2003">
  <ItemGroup>
    <Filter Include="源文件">
      <UniqueIdentifier>{4FC737F1-C7A5-4376-A066-2A32D752A2FF}</UniqueIdentifier>
      <Extensions>cpp;c;cc;cxx;c++;cppm;ixx;def;odl;idl;hpj;bat;asm;asmx</Extensions>
    </Filter>
    <Filter Include="头文件">
      <UniqueIdentifier>{93995380-89BD-4b04-88EB-625FBE52EBFB}</UniqueIdentifier>
      <Extensions>h;hh;hpp;hxx;h++;hm;inl;inc;ipp;xsd</Extensions>
    </Filter>
    <Filter Include="头文件\demo">
      <UniqueIdentifier>{d1d3ed11-df90-423a-9056-07635f593cb4}</UniqueIdentifier>
    </Filter>
    <Filter Include="源文件\demo">
      <UniqueIdentifier>{c783a30a-70c0-4511-9cc3-2fc66dc637d9}</UniqueIdentifier>
    </Filter>
    <Filter Include="头文件\uestc">
      <UniqueIdentifier>{2bff0a25-90b6-4409-9cdc-e2ac061453d3}</UniqueIdentifier>
    </Filter>
    <Filter Include="源文件\uestc">
      <UniqueIdentifier>{c34ecd01-2946-487c-9dcb-1648927a566a}</UniqueIdentifier>
    </Filter>
    <Filter Include="头文件\wangdao">
      <UniqueIdentifier>{333a2a2b-2c7b-4516-a6b0-87559526eee6}</UniqueIdentifier>
    </Filter>
    <Filter Include="源文件\wangdao">
      <UniqueIdentifier>{4bc18399-df31-499f-a286-80ba6f41e6c2}</UniqueIdentifier>
    </Filter>
  </ItemGroup>
  <ItemGroup>
    <ClInclude Include="include\uestc\PV2017.h">
      <Filter>头文件\uestc</Filter>
    </ClInclude>
    <ClInclude Include="include\uestc\PV2013.h">
      <Filter>头文件\uestc</Filter>
    </ClInclude>
    <ClInclude Include="include\uestc\PV2014.h">
      <Filter>头文件\uestc</Filter>
    </ClInclude>
    <ClInclude Include="include\uestc\PV2016.h">
      <Filter>头文件\uestc</Filter>
    </ClInclude>
    <ClInclude Include="include\uestc\PV2018.h">
      <Filter>头文件\uestc</Filter>
    </ClInclude>
    <ClInclude Include="include\uestc\PV2020.h">
      <Filter>头文件\uestc</Filter>
    </ClInclude>
    <ClInclude Include="include\uestc\PV2021.h">
      <Filter>头文件\uestc</Filter>
    </ClInclude>
    <ClInclude Include="include\uestc\PV2022.h">
      <Filter>头文件\uestc</Filter>
    </ClInclude>
    <ClInclude Include="include\demo.h">
      <Filter>头文件\demo</Filter>
    </ClInclude>
    <ClInclude Include="include\semaphore_demo.h">
      <Filter>头文件\demo</Filter>
    </ClInclude>
    <ClInclude Include="include\Semaphore.h">
      <Filter>头文件</Filter>
    </ClInclude>
    <ClInclude Include="include\ThreadLauncher.h">
      <Filter>头文件</Filter>
    </ClInclude>
    <ClInclude Include="include\uestc\7-5.h">
      <Filter>头文件\uestc</Filter>
    </ClInclude>
    <ClInclude Include="include\wangdao\WangdaoPart1.h">
      <Filter>头文件\wangdao</Filter>
    </ClInclude>
    <ClInclude Include="include\wangdao\WangdaoPart2.h">
      <Filter>头文件\wangdao</Filter>
    </ClInclude>
    <ClInclude Include="include\wangdao\WangdaoPart3.h">
      <Filter>头文件\wangdao</Filter>
    </ClInclude>
    <ClInclude Include="include\wangdao\WangdaoPart4.h">
      <Filter>头文件\wangdao</Filter>
    </ClInclude>
  </ItemGroup>
  <ItemGroup>
    <ClCompile Include="src\uestc\PV2017.cpp">
      <Filter>源文件\uestc</Filter>
    </ClCompile>
    <ClCompile Include="src\uestc\PV2013.cpp">
      <Filter>源文件\uestc</Filter>
    </ClCompile>
    <ClCompile Include="src\uestc\PV2014.cpp">
      <Filter>源文件\uestc</Filter>
    </ClCompile>
    <ClCompile Include="src\uestc\PV2016.cpp">
      <Filter>源文件\uestc</Filter>
    </ClCompile>
    <ClCompile Include="src\uestc\PV2018.cpp">
      <Filter>源文件\uestc</Filter>
    </ClCompile>
    <ClCompile Include="src\uestc\PV2020.cpp">
      <Filter>源文件\uestc</Filter>
    </ClCompile>
    <ClCompile Include="src\uestc\PV2021.cpp">
      <Filter>源文件\uestc</Filter>
    </ClCompile>
    <ClCompile Include="src\uestc\PV2022.cpp">
      <Filter>源文件\uestc</Filter>
    </ClCompile>
    <ClCompile Include="src\demo.cpp">
      <Filter>源文件\demo</Filter>
    </ClCompile>
    <ClCompile Include="src\semaphore_demo.cpp">
      <Filter>源文件\demo</Filter>
    </ClCompile>
    <ClCompile Include="src\Startup.cpp">
      <Filter>源文件</Filter>
    </ClCompile>
    <ClCompile Include="src\ThreadLauncher.cpp">
      <Filter>源文件</Filter>
    </ClCompile>
    <ClCompile Include="src\Semaphore.cpp">
      <Filter>源文件</Filter>
    </ClCompile>
    <ClCompile Include="src\uestc\7-5.cpp">
      <Filter>源文件\uestc</Filter>
    </ClCompile>
    <ClCompile Include="src\wangdao\WangdaoPart1.cpp">
      <Filter>源文件\wangdao</Filter>
    </ClCompile>
    <ClCompile Include="src\wangdao\WangdaoPart2.cpp">
      <Filter>源文件\wangdao</Filter>
    </ClCompile>
    <ClCompile Include="src\wangdao\WangdaoPart3.cpp">
      <Filter>源文件\wangdao</Filter>
    </ClCompile>
    <ClCompile Include="src\wangdao\WangdaoPart4.cpp">
      <Filter>源文件\wangdao</Filter>
    </ClCompile>
  </ItemGroup>
</Project>